// !$*UTF8*$!
{
	archiveVersion = 1;
	classes = {
	};
	objectVersion = 56;
	objects = {

/* Begin PBXBuildFile section */
		E4DF1B0F2C4C07F20004E26C /* CarPricePredictionApp.swift in Sources */ = {isa = PBXBuildFile; fileRef = E4DF1B0E2C4C07F20004E26C /* CarPricePredictionApp.swift */; };
		E4DF1B112C4C07F20004E26C /* ContentView.swift in Sources */ = {isa = PBXBuildFile; fileRef = E4DF1B102C4C07F20004E26C /* ContentView.swift */; };
		E4DF1B132C4C07FB0004E26C /* Assets.xcassets in Resources */ = {isa = PBXBuildFile; fileRef = E4DF1B122C4C07FB0004E26C /* Assets.xcassets */; };
		E4DF1B162C4C07FB0004E26C /* Preview Assets.xcassets in Resources */ = {isa = PBXBuildFile; fileRef = E4DF1B152C4C07FB0004E26C /* Preview Assets.xcassets */; };
		E4DF1B1D2C4C09330004E26C /* carvana.mlmodel in Sources */ = {isa = PBXBuildFile; fileRef = E4DF1B1C2C4C09320004E26C /* carvana.mlmodel */; };
		E4DF1B1F2C4C09370004E26C /* carNames.json in Resources */ = {isa = PBXBuildFile; fileRef = E4DF1B1E2C4C09370004E26C /* carNames.json */; };
		E4DF1B212C4C09980004E26C /* Car.swift in Sources */ = {isa = PBXBuildFile; fileRef = E4DF1B202C4C09980004E26C /* Car.swift */; };
/* End PBXBuildFile section */

/* Begin PBXFileReference section */
		E4DF1B0B2C4C07F20004E26C /* CarPricePrediction.app */ = {isa = PBXFileReference; explicitFileType = wrapper.application; includeInIndex = 0; path = CarPricePrediction.app; sourceTree = BUILT_PRODUCTS_DIR; };
		E4DF1B0E2C4C07F20004E26C /* CarPricePredictionApp.swift */ = {isa = PBXFileReference; lastKnownFileType = sourcecode.swift; path = CarPricePredictionApp.swift; sourceTree = "<group>"; };
		E4DF1B102C4C07F20004E26C /* ContentView.swift */ = {isa = PBXFileReference; lastKnownFileType = sourcecode.swift; path = ContentView.swift; sourceTree = "<group>"; };
		E4DF1B122C4C07FB0004E26C /* Assets.xcassets */ = {isa = PBXFileReference; lastKnownFileType = folder.assetcatalog; path = Assets.xcassets; sourceTree = "<group>"; };
		E4DF1B152C4C07FB0004E26C /* Preview Assets.xcassets */ = {isa = PBXFileReference; lastKnownFileType = folder.assetcatalog; path = "Preview Assets.xcassets"; sourceTree = "<group>"; };
		E4DF1B1C2C4C09320004E26C /* carvana.mlmodel */ = {isa = PBXFileReference; lastKnownFileType = file.mlmodel; path = carvana.mlmodel; sourceTree = "<group>"; };
		E4DF1B1E2C4C09370004E26C /* carNames.json */ = {isa = PBXFileReference; fileEncoding = 4; lastKnownFileType = text.json; path = carNames.json; sourceTree = "<group>"; };
		E4DF1B202C4C09980004E26C /* Car.swift */ = {isa = PBXFileReference; lastKnownFileType = sourcecode.swift; path = Car.swift; sourceTree = "<group>"; };
/* End PBXFileReference section */

/* Begin PBXFrameworksBuildPhase section */
		E4DF1B082C4C07F20004E26C /* Frameworks */ = {
			isa = PBXFrameworksBuildPhase;
			buildActionMask = 2147483647;
			files = (
			);
			runOnlyForDeploymentPostprocessing = 0;
		};
/* End PBXFrameworksBuildPhase section */

/* Begin PBXGroup section */
		E4DF1B022C4C07F20004E26C = {
			isa = PBXGroup;
			children = (
				E4DF1B0D2C4C07F20004E26C /* CarPricePrediction */,
				E4DF1B0C2C4C07F20004E26C /* Products */,
			);
			sourceTree = "<group>";
		};
		E4DF1B0C2C4C07F20004E26C /* Products */ = {
			isa = PBXGroup;
			children = (
				E4DF1B0B2C4C07F20004E26C /* CarPricePrediction.app */,
			);
			name = Products;
			sourceTree = "<group>";
		};
		E4DF1B0D2C4C07F20004E26C /* CarPricePrediction */ = {
			isa = PBXGroup;
			children = (
				E4DF1B1E2C4C09370004E26C /* carNames.json */,
				E4DF1B1C2C4C09320004E26C /* carvana.mlmodel */,
				E4DF1B0E2C4C07F20004E26C /* CarPricePredictionApp.swift */,
				E4DF1B102C4C07F20004E26C /* ContentView.swift */,
				E4DF1B202C4C09980004E26C /* Car.swift */,
				E4DF1B122C4C07FB0004E26C /* Assets.xcassets */,
				E4DF1B142C4C07FB0004E26C /* Preview Content */,
			);
			path = CarPricePrediction;
			sourceTree = "<group>";
		};
		E4DF1B142C4C07FB0004E26C /* Preview Content */ = {
			isa = PBXGroup;
			children = (
				E4DF1B152C4C07FB0004E26C /* Preview Assets.xcassets */,
			);
			path = "Preview Content";
			sourceTree = "<group>";
		};
/* End PBXGroup section */

/* Begin PBXNativeTarget section */
		E4DF1B0A2C4C07F20004E26C /* CarPricePrediction */ = {
			isa = PBXNativeTarget;
			buildConfigurationList = E4DF1B192C4C07FB0004E26C /* Build configuration list for PBXNativeTarget "CarPricePrediction" */;
			buildPhases = (
				E4DF1B072C4C07F20004E26C /* Sources */,
				E4DF1B082C4C07F20004E26C /* Frameworks */,
				E4DF1B092C4C07F20004E26C /* Resources */,
			);
			buildRules = (
			);
			dependencies = (
			);
			name = CarPricePrediction;
			productName = CarPricePrediction;
			productReference = E4DF1B0B2C4C07F20004E26C /* CarPricePrediction.app */;
			productType = "com.apple.product-type.application";
		};
/* End PBXNativeTarget section */

/* Begin PBXProject section */
		E4DF1B032C4C07F20004E26C /* Project object */ = {
			isa = PBXProject;
			attributes = {
				BuildIndependentTargetsInParallel = 1;
				LastSwiftUpdateCheck = 1500;
				LastUpgradeCheck = 1500;
				TargetAttributes = {
					E4DF1B0A2C4C07F20004E26C = {
						CreatedOnToolsVersion = 15.0.1;
					};
				};
			};
			buildConfigurationList = E4DF1B062C4C07F20004E26C /* Build configuration list for PBXProject "CarPricePrediction" */;
			compatibilityVersion = "Xcode 14.0";
			developmentRegion = en;
			hasScannedForEncodings = 0;
			knownRegions = (
				en,
				Base,
			);
			mainGroup = E4DF1B022C4C07F20004E26C;
			productRefGroup = E4DF1B0C2C4C07F20004E26C /* Products */;
			projectDirPath = "";
			projectRoot = "";
			targets = (
				E4DF1B0A2C4C07F20004E26C /* CarPricePrediction */,
			);
		};
/* End PBXProject section */

/* Begin PBXResourcesBuildPhase section */
		E4DF1B092C4C07F20004E26C /* Resources */ = {
			isa = PBXResourcesBuildPhase;
			buildActionMask = 2147483647;
			files = (
				E4DF1B162C4C07FB0004E26C /* Preview Assets.xcassets in Resources */,
				E4DF1B1F2C4C09370004E26C /* carNames.json in Resources */,
				E4DF1B132C4C07FB0004E26C /* Assets.xcassets in Resources */,
			);
			runOnlyForDeploymentPostprocessing = 0;
		};
/* End PBXResourcesBuildPhase section */

/* Begin PBXSourcesBuildPhase section */
		E4DF1B072C4C07F20004E26C /* Sources */ = {
			isa = PBXSourcesBuildPhase;
			buildActionMask = 2147483647;
			files = (
				E4DF1B1D2C4C09330004E26C /* carvana.mlmodel in Sources */,
				E4DF1B112C4C07F20004E26C /* ContentView.swift in Sources */,
				E4DF1B212C4C09980004E26C /* Car.swift in Sources */,
				E4DF1B0F2C4C07F20004E26C /* CarPricePredictionApp.swift in Sources */,
			);
			runOnlyForDeploymentPostprocessing = 0;
		};
/* End PBXSourcesBuildPhase section */

/* Begin XCBuildConfiguration section */
		E4DF1B172C4C07FB0004E26C /* Debug */ = {
			isa = XCBuildConfiguration;
			buildSettings = {
				ALWAYS_SEARCH_USER_PATHS = NO;
				ASSETCATALOG_COMPILER_GENERATE_SWIFT_ASSET_SYMBOL_EXTENSIONS = YES;
				CLANG_ANALYZER_NONNULL = YES;
				CLANG_ANALYZER_NUMBER_OBJECT_CONVERSION = YES_AGGRESSIVE;
				CLANG_CXX_LANGUAGE_STANDARD = "gnu++20";
				CLANG_ENABLE_MODULES = YES;
				CLANG_ENABLE_OBJC_ARC = YES;
				CLANG_ENABLE_OBJC_WEAK = YES;
				CLANG_WARN_BLOCK_CAPTURE_AUTORELEASING = YES;
				CLANG_WARN_BOOL_CONVERSION = YES;
				CLANG_WARN_COMMA = YES;
				CLANG_WARN_CONSTANT_CONVERSION = YES;
				CLANG_WARN_DEPRECATED_OBJC_IMPLEMENTATIONS = YES;
				CLANG_WARN_DIRECT_OBJC_ISA_USAGE = YES_ERROR;
				CLANG_WARN_DOCUMENTATION_COMMENTS = YES;
				CLANG_WARN_EMPTY_BODY = YES;
				CLANG_WARN_ENUM_CONVERSION = YES;
				CLANG_WARN_INFINITE_RECURSION = YES;
				CLANG_WARN_INT_CONVERSION = YES;
				CLANG_WARN_NON_LITERAL_NULL_CONVERSION = YES;
				CLANG_WARN_OBJC_IMPLICIT_RETAIN_SELF = YES;
				CLANG_WARN_OBJC_LITERAL_CONVERSION = YES;
				CLANG_WARN_OBJC_ROOT_CLASS = YES_ERROR;
				CLANG_WARN_QUOTED_INCLUDE_IN_FRAMEWORK_HEADER = YES;
				CLANG_WARN_RANGE_LOOP_ANALYSIS = YES;
				CLANG_WARN_STRICT_PROTOTYPES = YES;
				CLANG_WARN_SUSPICIOUS_MOVE = YES;
				CLANG_WARN_UNGUARDED_AVAILABILITY = YES_AGGRESSIVE;
				CLANG_WARN_UNREACHABLE_CODE = YES;
				CLANG_WARN__DUPLICATE_METHOD_MATCH = YES;
				COPY_PHASE_STRIP = NO;
				DEBUG_INFORMATION_FORMAT = dwarf;
				ENABLE_STRICT_OBJC_MSGSEND = YES;
				ENABLE_TESTABILITY = YES;
				ENABLE_USER_SCRIPT_SANDBOXING = YES;
				GCC_C_LANGUAGE_STANDARD = gnu17;
				GCC_DYNAMIC_NO_PIC = NO;
				GCC_NO_COMMON_BLOCKS = YES;
				GCC_OPTIMIZATION_LEVEL = 0;
				GCC_PREPROCESSOR_DEFINITIONS = (
					"DEBUG=1",
					"$(inherited)",
				);
				GCC_WARN_64_TO_32_BIT_CONVERSION = YES;
				GCC_WARN_ABOUT_RETURN_TYPE = YES_ERROR;
				GCC_WARN_UNDECLARED_SELECTOR = YES;
				GCC_WARN_UNINITIALIZED_AUTOS = YES_AGGRESSIVE;
				GCC_WARN_UNUSED_FUNCTION = YES;
				GCC_WARN_UNUSED_VARIABLE = YES;
				IPHONEOS_DEPLOYMENT_TARGET = 17.0;
				LOCALIZATION_PREFERS_STRING_CATALOGS = YES;
				MTL_ENABLE_DEBUG_INFO = INCLUDE_SOURCE;
				MTL_FAST_MATH = YES;
				ONLY_ACTIVE_ARCH = YES;
				SDKROOT = iphoneos;
				SWIFT_ACTIVE_COMPILATION_CONDITIONS = "DEBUG $(inherited)";
				SWIFT_OPTIMIZATION_LEVEL = "-Onone";
			};
			name = Debug;
		};
		E4DF1B182C4C07FB0004E26C /* Release */ = {
			isa = XCBuildConfiguration;
			buildSettings = {
				ALWAYS_SEARCH_USER_PATHS = NO;
				ASSETCATALOG_COMPILER_GENERATE_SWIFT_ASSET_SYMBOL_EXTENSIONS = YES;
				CLANG_ANALYZER_NONNULL = YES;
				CLANG_ANALYZER_NUMBER_OBJECT_CONVERSION = YES_AGGRESSIVE;
				CLANG_CXX_LANGUAGE_STANDARD = "gnu++20";
				CLANG_ENABLE_MODULES = YES;
				CLANG_ENABLE_OBJC_ARC = YES;
				CLANG_ENABLE_OBJC_WEAK = YES;
				CLANG_WARN_BLOCK_CAPTURE_AUTORELEASING = YES;
				CLANG_WARN_BOOL_CONVERSION = YES;
				CLANG_WARN_COMMA = YES;
				CLANG_WARN_CONSTANT_CONVERSION = YES;
				CLANG_WARN_DEPRECATED_OBJC_IMPLEMENTATIONS = YES;
				CLANG_WARN_DIRECT_OBJC_ISA_USAGE = YES_ERROR;
				CLANG_WARN_DOCUMENTATION_COMMENTS = YES;
				CLANG_WARN_EMPTY_BODY = YES;
				CLANG_WARN_ENUM_CONVERSION = YES;
				CLANG_WARN_INFINITE_RECURSION = YES;
				CLANG_WARN_INT_CONVERSION = YES;
				CLANG_WARN_NON_LITERAL_NULL_CONVERSION = YES;
				CLANG_WARN_OBJC_IMPLICIT_RETAIN_SELF = YES;
				CLANG_WARN_OBJC_LITERAL_CONVERSION = YES;
				CLANG_WARN_OBJC_ROOT_CLASS = YES_ERROR;
				CLANG_WARN_QUOTED_INCLUDE_IN_FRAMEWORK_HEADER = YES;
				CLANG_WARN_RANGE_LOOP_ANALYSIS = YES;
				CLANG_WARN_STRICT_PROTOTYPES = YES;
				CLANG_WARN_SUSPICIOUS_MOVE = YES;
				CLANG_WARN_UNGUARDED_AVAILABILITY = YES_AGGRESSIVE;
				CLANG_WARN_UNREACHABLE_CODE = YES;
				CLANG_WARN__DUPLICATE_METHOD_MATCH = YES;
				COPY_PHASE_STRIP = NO;
				DEBUG_INFORMATION_FORMAT = "dwarf-with-dsym";
				ENABLE_NS_ASSERTIONS = NO;
				ENABLE_STRICT_OBJC_MSGSEND = YES;
				ENABLE_USER_SCRIPT_SANDBOXING = YES;
				GCC_C_LANGUAGE_STANDARD = gnu17;
				GCC_NO_COMMON_BLOCKS = YES;
				GCC_WARN_64_TO_32_BIT_CONVERSION = YES;
				GCC_WARN_ABOUT_RETURN_TYPE = YES_ERROR;
				GCC_WARN_UNDECLARED_SELECTOR = YES;
				GCC_WARN_UNINITIALIZED_AUTOS = YES_AGGRESSIVE;
				GCC_WARN_UNUSED_FUNCTION = YES;
				GCC_WARN_UNUSED_VARIABLE = YES;
				IPHONEOS_DEPLOYMENT_TARGET = 17.0;
				LOCALIZATION_PREFERS_STRING_CATALOGS = YES;
				MTL_ENABLE_DEBUG_INFO = NO;
				MTL_FAST_MATH = YES;
				SDKROOT = iphoneos;
				SWIFT_COMPILATION_MODE = wholemodule;
				VALIDATE_PRODUCT = YES;
			};
			name = Release;
		};
		E4DF1B1A2C4C07FB0004E26C /* Debug */ = {
			isa = XCBuildConfiguration;
			buildSettings = {
				ASSETCATALOG_COMPILER_APPICON_NAME = AppIcon;
				ASSETCATALOG_COMPILER_GLOBAL_ACCENT_COLOR_NAME = AccentColor;
				CODE_SIGN_STYLE = Automatic;
				CURRENT_PROJECT_VERSION = 1;
				DEVELOPMENT_ASSET_PATHS = "\"CarPricePrediction/Preview Content\"";
				DEVELOPMENT_TEAM = 558X4RCVR9;
				ENABLE_PREVIEWS = YES;
				GENERATE_INFOPLIST_FILE = YES;
				INFOPLIST_KEY_UIApplicationSceneManifest_Generation = YES;
				INFOPLIST_KEY_UIApplicationSupportsIndirectInputEvents = YES;
				INFOPLIST_KEY_UILaunchScreen_Generation = YES;
				INFOPLIST_KEY_UISupportedInterfaceOrientations_iPad = "UIInterfaceOrientationPortrait UIInterfaceOrientationPortraitUpsideDown UIInterfaceOrientationLandscapeLeft UIInterfaceOrientationLandscapeRight";
				INFOPLIST_KEY_UISupportedInterfaceOrientations_iPhone = "UIInterfaceOrientationPortrait UIInterfaceOrientationLandscapeLeft UIInterfaceOrientationLandscapeRight";
				LD_RUNPATH_SEARCH_PATHS = (
					"$(inherited)",
					"@executable_path/Frameworks",
				);
				MARKETING_VERSION = 1.0;
				PRODUCT_BUNDLE_IDENTIFIER = com.dalal.ios.CarPricePrediction;
				PRODUCT_NAME = "$(TARGET_NAME)";
				SWIFT_EMIT_LOC_STRINGS = YES;
				SWIFT_VERSION = 5.0;
				TARGETED_DEVICE_FAMILY = "1,2";
			};
			name = Debug;
		};
		E4DF1B1B2C4C07FB0004E26C /* Release */ = {
			isa = XCBuildConfiguration;
			buildSettings = {
				ASSETCATALOG_COMPILER_APPICON_NAME = AppIcon;
				ASSETCATALOG_COMPILER_GLOBAL_ACCENT_COLOR_NAME = AccentColor;
				CODE_SIGN_STYLE = Automatic;
				CURRENT_PROJECT_VERSION = 1;
				DEVELOPMENT_ASSET_PATHS = "\"CarPricePrediction/Preview Content\"";
				DEVELOPMENT_TEAM = 558X4RCVR9;
				ENABLE_PREVIEWS = YES;
				GENERATE_INFOPLIST_FILE = YES;
				INFOPLIST_KEY_UIApplicationSceneManifest_Generation = YES;
				INFOPLIST_KEY_UIApplicationSupportsIndirectInputEvents = YES;
				INFOPLIST_KEY_UILaunchScreen_Generation = YES;
				INFOPLIST_KEY_UISupportedInterfaceOrientations_iPad = "UIInterfaceOrientationPortrait UIInterfaceOrientationPortraitUpsideDown UIInterfaceOrientationLandscapeLeft UIInterfaceOrientationLandscapeRight";
				INFOPLIST_KEY_UISupportedInterfaceOrientations_iPhone = "UIInterfaceOrientationPortrait UIInterfaceOrientationLandscapeLeft UIInterfaceOrientationLandscapeRight";
				LD_RUNPATH_SEARCH_PATHS = (
					"$(inherited)",
					"@executable_path/Frameworks",
				);
				MARKETING_VERSION = 1.0;
				PRODUCT_BUNDLE_IDENTIFIER = com.dalal.ios.CarPricePrediction;
				PRODUCT_NAME = "$(TARGET_NAME)";
				SWIFT_EMIT_LOC_STRINGS = YES;
				SWIFT_VERSION = 5.0;
				TARGETED_DEVICE_FAMILY = "1,2";
			};
			name = Release;
		};
/* End XCBuildConfiguration section */

/* Begin XCConfigurationList section */
		E4DF1B062C4C07F20004E26C /* Build configuration list for PBXProject "CarPricePrediction" */ = {
			isa = XCConfigurationList;
			buildConfigurations = (
				E4DF1B172C4C07FB0004E26C /* Debug */,
				E4DF1B182C4C07FB0004E26C /* Release */,
			);
			defaultConfigurationIsVisible = 0;
			defaultConfigurationName = Release;
		};
		E4DF1B192C4C07FB0004E26C /* Build configuration list for PBXNativeTarget "CarPricePrediction" */ = {
			isa = XCConfigurationList;
			buildConfigurations = (
				E4DF1B1A2C4C07FB0004E26C /* Debug */,
				E4DF1B1B2C4C07FB0004E26C /* Release */,
			);
			defaultConfigurationIsVisible = 0;
			defaultConfigurationName = Release;
		};
/* End XCConfigurationList section */
	};
	rootObject = E4DF1B032C4C07F20004E26C /* Project object */;
}
